PODS:
  - MBProgressHUD (1.2.0)
  - WProgressHUD (0.1.2):
    - MBProgressHUD

DEPENDENCIES:
  - WProgressHUD (from `../WProgressHUD.podspec`)

SPEC REPOS:
  trunk:
    - MBProgressHUD

EXTERNAL SOURCES:
  WProgressHUD:
    :path: "../WProgressHUD.podspec"

SPEC CHECKSUMS:
  MBProgressHUD: 3ee5efcc380f6a79a7cc9b363dd669c5e1ae7406
  WProgressHUD: fa279e1482aebfcc6c76a5029157095399de2357

PODFILE CHECKSUM: bffafd25b20392f86ead8c9f6fc1710440227fe9

COCOAPODS: 1.14.3
